
Microsoft Visual Studio Solution File, Format Version 12.00
Project("{2150E333-8FDC-42A3-9474-1A3956D46DE8}") = "src", "src", "{A3AA99F1-A472-4B5E-96F8-0EBEE0D99188}"
EndProject
Project("{2150E333-8FDC-42A3-9474-1A3956D46DE8}") = "test", "test", "{90EB5874-4B34-4691-B974-26E000263876}"
EndProject
Project("{F2A71F9B-5D33-465A-A702-920D77279786}") = "PsychometricKernel.Base", "src\PsychometricKernel.Base\PsychometricKernel.Base.fsproj", "{8D4C80A5-0994-4A9C-B289-426DB7C093A0}"
EndProject
Project("{F2A71F9B-5D33-465A-A702-920D77279786}") = "PsychometricKernel.Loader", "src\PsychometricKernel.Loader\PsychometricKernel.Loader.fsproj", "{D20DBFF4-9FE3-4B99-A289-D161F5710930}"
EndProject
Project("{F2A71F9B-5D33-465A-A702-920D77279786}") = "PsychometricKernel.Metrics.Positive", "PsychometricKernel.Metrics.Positive\PsychometricKernel.Metrics.Positive.fsproj", "{4FD3C1F8-84FB-469D-A1DB-0BEE450FE26B}"
EndProject
Project("{FAE04EC0-301F-11D3-BF4B-00C04F79EFBC}") = "PsychometricKernel", "src\PsychometricKernel\PsychometricKernel.csproj", "{DF89173D-DDAA-4725-94C1-6B119763016D}"
EndProject
Project("{F2A71F9B-5D33-465A-A702-920D77279786}") = "PsychometricKernel.Crypto", "src\PsychometricKernel.Crypto\PsychometricKernel.Crypto.fsproj", "{2C1207E9-5A08-4CBC-90BF-6B9A29823468}"
EndProject
Global
	GlobalSection(SolutionConfigurationPlatforms) = preSolution
		Debug|Any CPU = Debug|Any CPU
		Release|Any CPU = Release|Any CPU
	EndGlobalSection
	GlobalSection(NestedProjects) = preSolution
		{8D4C80A5-0994-4A9C-B289-426DB7C093A0} = {A3AA99F1-A472-4B5E-96F8-0EBEE0D99188}
		{D20DBFF4-9FE3-4B99-A289-D161F5710930} = {A3AA99F1-A472-4B5E-96F8-0EBEE0D99188}
		{4FD3C1F8-84FB-469D-A1DB-0BEE450FE26B} = {A3AA99F1-A472-4B5E-96F8-0EBEE0D99188}
		{DF89173D-DDAA-4725-94C1-6B119763016D} = {A3AA99F1-A472-4B5E-96F8-0EBEE0D99188}
		{2C1207E9-5A08-4CBC-90BF-6B9A29823468} = {A3AA99F1-A472-4B5E-96F8-0EBEE0D99188}
	EndGlobalSection
	GlobalSection(ProjectConfigurationPlatforms) = postSolution
		{8D4C80A5-0994-4A9C-B289-426DB7C093A0}.Debug|Any CPU.ActiveCfg = Debug|Any CPU
		{8D4C80A5-0994-4A9C-B289-426DB7C093A0}.Debug|Any CPU.Build.0 = Debug|Any CPU
		{8D4C80A5-0994-4A9C-B289-426DB7C093A0}.Release|Any CPU.ActiveCfg = Release|Any CPU
		{8D4C80A5-0994-4A9C-B289-426DB7C093A0}.Release|Any CPU.Build.0 = Release|Any CPU
		{D20DBFF4-9FE3-4B99-A289-D161F5710930}.Debug|Any CPU.ActiveCfg = Debug|Any CPU
		{D20DBFF4-9FE3-4B99-A289-D161F5710930}.Debug|Any CPU.Build.0 = Debug|Any CPU
		{D20DBFF4-9FE3-4B99-A289-D161F5710930}.Release|Any CPU.ActiveCfg = Release|Any CPU
		{D20DBFF4-9FE3-4B99-A289-D161F5710930}.Release|Any CPU.Build.0 = Release|Any CPU
		{4FD3C1F8-84FB-469D-A1DB-0BEE450FE26B}.Debug|Any CPU.ActiveCfg = Debug|Any CPU
		{4FD3C1F8-84FB-469D-A1DB-0BEE450FE26B}.Debug|Any CPU.Build.0 = Debug|Any CPU
		{4FD3C1F8-84FB-469D-A1DB-0BEE450FE26B}.Release|Any CPU.ActiveCfg = Release|Any CPU
		{4FD3C1F8-84FB-469D-A1DB-0BEE450FE26B}.Release|Any CPU.Build.0 = Release|Any CPU
		{DF89173D-DDAA-4725-94C1-6B119763016D}.Debug|Any CPU.ActiveCfg = Debug|Any CPU
		{DF89173D-DDAA-4725-94C1-6B119763016D}.Debug|Any CPU.Build.0 = Debug|Any CPU
		{DF89173D-DDAA-4725-94C1-6B119763016D}.Release|Any CPU.ActiveCfg = Release|Any CPU
		{DF89173D-DDAA-4725-94C1-6B119763016D}.Release|Any CPU.Build.0 = Release|Any CPU
		{2C1207E9-5A08-4CBC-90BF-6B9A29823468}.Debug|Any CPU.ActiveCfg = Debug|Any CPU
		{2C1207E9-5A08-4CBC-90BF-6B9A29823468}.Debug|Any CPU.Build.0 = Debug|Any CPU
		{2C1207E9-5A08-4CBC-90BF-6B9A29823468}.Release|Any CPU.ActiveCfg = Release|Any CPU
		{2C1207E9-5A08-4CBC-90BF-6B9A29823468}.Release|Any CPU.Build.0 = Release|Any CPU
	EndGlobalSection
EndGlobal
